
Microsoft Visual Studio Solution File, Format Version 12.00
# Visual Studio Version 16
VisualStudioVersion = 16.0.30011.22
MinimumVisualStudioVersion = 10.0.40219.1
Project("{FAE04EC0-301F-11D3-BF4B-00C04F79EFBC}") = "AIPSprojekat", "AIPSprojekat\AIPSprojekat.csproj", "{65BDCF36-B350-437A-B49E-245B4AA1B597}"
EndProject
Project("{FAE04EC0-301F-11D3-BF4B-00C04F79EFBC}") = "2OrderLibrary", "2OrderLibrary\2OrderLibrary.csproj", "{A941CA18-0BB7-40DA-AAB7-6EABDAF89B6E}"
EndProject
Global
	GlobalSection(SolutionConfigurationPlatforms) = preSolution
		Debug|Any CPU = Debug|Any CPU
		Release|Any CPU = Release|Any CPU
	EndGlobalSection
	GlobalSection(ProjectConfigurationPlatforms) = postSolution
		{65BDCF36-B350-437A-B49E-245B4AA1B597}.Debug|Any CPU.ActiveCfg = Debug|Any CPU
		{65BDCF36-B350-437A-B49E-245B4AA1B597}.Debug|Any CPU.Build.0 = Debug|Any CPU
		{65BDCF36-B350-437A-B49E-245B4AA1B597}.Release|Any CPU.ActiveCfg = Release|Any CPU
		{65BDCF36-B350-437A-B49E-245B4AA1B597}.Release|Any CPU.Build.0 = Release|Any CPU
		{A941CA18-0BB7-40DA-AAB7-6EABDAF89B6E}.Debug|Any CPU.ActiveCfg = Debug|Any CPU
		{A941CA18-0BB7-40DA-AAB7-6EABDAF89B6E}.Debug|Any CPU.Build.0 = Debug|Any CPU
		{A941CA18-0BB7-40DA-AAB7-6EABDAF89B6E}.Release|Any CPU.ActiveCfg = Release|Any CPU
		{A941CA18-0BB7-40DA-AAB7-6EABDAF89B6E}.Release|Any CPU.Build.0 = Release|Any CPU
	EndGlobalSection
	GlobalSection(SolutionProperties) = preSolution
		HideSolutionNode = FALSE
	EndGlobalSection
	GlobalSection(ExtensibilityGlobals) = postSolution
		SolutionGuid = {E9602371-EC6B-448E-AC2E-75EA885EE087}
	EndGlobalSection
EndGlobal
